{
  "name": "cubesigner-solana-example",
  "version": "1.0.0",
  "lockfileVersion": 3,
  "requires": true,
  "packages": {
    "": {
      "name": "cubesigner-solana-example",
      "version": "1.0.0",
      "license": "MIT OR Apache-2.0",
      "dependencies": {
        "@cubist-labs/cubesigner-sdk": "../../packages/sdk",
        "@cubist-labs/cubesigner-sdk-fs-storage": "../../packages/fs-storage",
        "@solana-program/system": "^0.10.0",
        "@solana/kit": "^5.0.0"
      },
      "devDependencies": {
        "@types/node": "^22.9.0",
        "tsx": "^4.21.0",
        "typescript": "^5.9.3"
      }
    },
    "../../packages/fs-storage": {
      "name": "@cubist-labs/cubesigner-sdk-fs-storage",
      "version": "0.4.0",
      "license": "MIT OR Apache-2.0",
      "devDependencies": {
        "@mysten/sui": "^1.21.1",
        "@solana/web3.js": "^1.95.3"
      },
      "peerDependencies": {
        "@cubist-labs/cubesigner-sdk": "^0.4.0"
      }
    },
    "../../packages/sdk": {
      "name": "@cubist-labs/cubesigner-sdk",
      "version": "0.4.0",
      "license": "MIT OR Apache-2.0",
      "dependencies": {
        "openapi-fetch": "0.8.2"
      },
      "devDependencies": {
        "openapi-typescript-helpers": "^0.0.7",
        "typescript": "^5.5"
      },
      "engines": {
        "node": ">=18.0.0"
      },
      "optionalDependencies": {
        "@hpke/core": "^1.2.7"
      }
    },
    "node_modules/@cubist-labs/cubesigner-sdk": {
      "resolved": "../../packages/sdk",
      "link": true
    },
    "node_modules/@cubist-labs/cubesigner-sdk-fs-storage": {
      "resolved": "../../packages/fs-storage",
      "link": true
    },
    "node_modules/@esbuild/aix-ppc64": {
      "version": "0.27.1",
      "resolved": "https://registry.npmjs.org/@esbuild/aix-ppc64/-/aix-ppc64-0.27.1.tgz",
      "integrity": "sha512-HHB50pdsBX6k47S4u5g/CaLjqS3qwaOVE5ILsq64jyzgMhLuCuZ8rGzM9yhsAjfjkbgUPMzZEPa7DAp7yz6vuA==",
      "cpu": [
        "ppc64"
      ],
      "dev": true,
      "license": "MIT",
      "optional": true,
      "os": [
        "aix"
      ],
      "engines": {
        "node": ">=18"
      }
    },
    "node_modules/@esbuild/android-arm": {
      "version": "0.27.1",
      "resolved": "https://registry.npmjs.org/@esbuild/android-arm/-/android-arm-0.27.1.tgz",
      "integrity": "sha512-kFqa6/UcaTbGm/NncN9kzVOODjhZW8e+FRdSeypWe6j33gzclHtwlANs26JrupOntlcWmB0u8+8HZo8s7thHvg==",
      "cpu": [
        "arm"
      ],
      "dev": true,
      "license": "MIT",
      "optional": true,
      "os": [
        "android"
      ],
      "engines": {
        "node": ">=18"
      }
    },
    "node_modules/@esbuild/android-arm64": {
      "version": "0.27.1",
      "resolved": "https://registry.npmjs.org/@esbuild/android-arm64/-/android-arm64-0.27.1.tgz",
      "integrity": "sha512-45fuKmAJpxnQWixOGCrS+ro4Uvb4Re9+UTieUY2f8AEc+t7d4AaZ6eUJ3Hva7dtrxAAWHtlEFsXFMAgNnGU9uQ==",
      "cpu": [
        "arm64"
      ],
      "dev": true,
      "license": "MIT",
      "optional": true,
      "os": [
        "android"
      ],
      "engines": {
        "node": ">=18"
      }
    },
    "node_modules/@esbuild/android-x64": {
      "version": "0.27.1",
      "resolved": "https://registry.npmjs.org/@esbuild/android-x64/-/android-x64-0.27.1.tgz",
      "integrity": "sha512-LBEpOz0BsgMEeHgenf5aqmn/lLNTFXVfoWMUox8CtWWYK9X4jmQzWjoGoNb8lmAYml/tQ/Ysvm8q7szu7BoxRQ==",
      "cpu": [
        "x64"
      ],
      "dev": true,
      "license": "MIT",
      "optional": true,
      "os": [
        "android"
      ],
      "engines": {
        "node": ">=18"
      }
    },
    "node_modules/@esbuild/darwin-arm64": {
      "version": "0.27.1",
      "resolved": "https://registry.npmjs.org/@esbuild/darwin-arm64/-/darwin-arm64-0.27.1.tgz",
      "integrity": "sha512-veg7fL8eMSCVKL7IW4pxb54QERtedFDfY/ASrumK/SbFsXnRazxY4YykN/THYqFnFwJ0aVjiUrVG2PwcdAEqQQ==",
      "cpu": [
        "arm64"
      ],
      "dev": true,
      "license": "MIT",
      "optional": true,
      "os": [
        "darwin"
      ],
      "engines": {
        "node": ">=18"
      }
    },
    "node_modules/@esbuild/darwin-x64": {
      "version": "0.27.1",
      "resolved": "https://registry.npmjs.org/@esbuild/darwin-x64/-/darwin-x64-0.27.1.tgz",
      "integrity": "sha512-+3ELd+nTzhfWb07Vol7EZ+5PTbJ/u74nC6iv4/lwIU99Ip5uuY6QoIf0Hn4m2HoV0qcnRivN3KSqc+FyCHjoVQ==",
      "cpu": [
        "x64"
      ],
      "dev": true,
      "license": "MIT",
      "optional": true,
      "os": [
        "darwin"
      ],
      "engines": {
        "node": ">=18"
      }
    },
    "node_modules/@esbuild/freebsd-arm64": {
      "version": "0.27.1",
      "resolved": "https://registry.npmjs.org/@esbuild/freebsd-arm64/-/freebsd-arm64-0.27.1.tgz",
      "integrity": "sha512-/8Rfgns4XD9XOSXlzUDepG8PX+AVWHliYlUkFI3K3GB6tqbdjYqdhcb4BKRd7C0BhZSoaCxhv8kTcBrcZWP+xg==",
      "cpu": [
        "arm64"
      ],
      "dev": true,
      "license": "MIT",
      "optional": true,
      "os": [
        "freebsd"
      ],
      "engines": {
        "node": ">=18"
      }
    },
    "node_modules/@esbuild/freebsd-x64": {
      "version": "0.27.1",
      "resolved": "https://registry.npmjs.org/@esbuild/freebsd-x64/-/freebsd-x64-0.27.1.tgz",
      "integrity": "sha512-GITpD8dK9C+r+5yRT/UKVT36h/DQLOHdwGVwwoHidlnA168oD3uxA878XloXebK4Ul3gDBBIvEdL7go9gCUFzQ==",
      "cpu": [
        "x64"
      ],
      "dev": true,
      "license": "MIT",
      "optional": true,
      "os": [
        "freebsd"
      ],
      "engines": {
        "node": ">=18"
      }
    },
    "node_modules/@esbuild/linux-arm": {
      "version": "0.27.1",
      "resolved": "https://registry.npmjs.org/@esbuild/linux-arm/-/linux-arm-0.27.1.tgz",
      "integrity": "sha512-ieMID0JRZY/ZeCrsFQ3Y3NlHNCqIhTprJfDgSB3/lv5jJZ8FX3hqPyXWhe+gvS5ARMBJ242PM+VNz/ctNj//eA==",
      "cpu": [
        "arm"
      ],
      "dev": true,
      "license": "MIT",
      "optional": true,
      "os": [
        "linux"
      ],
      "engines": {
        "node": ">=18"
      }
    },
    "node_modules/@esbuild/linux-arm64": {
      "version": "0.27.1",
      "resolved": "https://registry.npmjs.org/@esbuild/linux-arm64/-/linux-arm64-0.27.1.tgz",
      "integrity": "sha512-W9//kCrh/6in9rWIBdKaMtuTTzNj6jSeG/haWBADqLLa9P8O5YSRDzgD5y9QBok4AYlzS6ARHifAb75V6G670Q==",
      "cpu": [
        "arm64"
      ],
      "dev": true,
      "license": "MIT",
      "optional": true,
      "os": [
        "linux"
      ],
      "engines": {
        "node": ">=18"
      }
    },
    "node_modules/@esbuild/linux-ia32": {
      "version": "0.27.1",
      "resolved": "https://registry.npmjs.org/@esbuild/linux-ia32/-/linux-ia32-0.27.1.tgz",
      "integrity": "sha512-VIUV4z8GD8rtSVMfAj1aXFahsi/+tcoXXNYmXgzISL+KB381vbSTNdeZHHHIYqFyXcoEhu9n5cT+05tRv13rlw==",
      "cpu": [
        "ia32"
      ],
      "dev": true,
      "license": "MIT",
      "optional": true,
      "os": [
        "linux"
      ],
      "engines": {
        "node": ">=18"
      }
    },
    "node_modules/@esbuild/linux-loong64": {
      "version": "0.27.1",
      "resolved": "https://registry.npmjs.org/@esbuild/linux-loong64/-/linux-loong64-0.27.1.tgz",
      "integrity": "sha512-l4rfiiJRN7sTNI//ff65zJ9z8U+k6zcCg0LALU5iEWzY+a1mVZ8iWC1k5EsNKThZ7XCQ6YWtsZ8EWYm7r1UEsg==",
      "cpu": [
        "loong64"
      ],
      "dev": true,
      "license": "MIT",
      "optional": true,
      "os": [
        "linux"
      ],
      "engines": {
        "node": ">=18"
      }
    },
    "node_modules/@esbuild/linux-mips64el": {
      "version": "0.27.1",
      "resolved": "https://registry.npmjs.org/@esbuild/linux-mips64el/-/linux-mips64el-0.27.1.tgz",
      "integrity": "sha512-U0bEuAOLvO/DWFdygTHWY8C067FXz+UbzKgxYhXC0fDieFa0kDIra1FAhsAARRJbvEyso8aAqvPdNxzWuStBnA==",
      "cpu": [
        "mips64el"
      ],
      "dev": true,
      "license": "MIT",
      "optional": true,
      "os": [
        "linux"
      ],
      "engines": {
        "node": ">=18"
      }
    },
    "node_modules/@esbuild/linux-ppc64": {
      "version": "0.27.1",
      "resolved": "https://registry.npmjs.org/@esbuild/linux-ppc64/-/linux-ppc64-0.27.1.tgz",
      "integrity": "sha512-NzdQ/Xwu6vPSf/GkdmRNsOfIeSGnh7muundsWItmBsVpMoNPVpM61qNzAVY3pZ1glzzAxLR40UyYM23eaDDbYQ==",
      "cpu": [
        "ppc64"
      ],
      "dev": true,
      "license": "MIT",
      "optional": true,
      "os": [
        "linux"
      ],
      "engines": {
        "node": ">=18"
      }
    },
    "node_modules/@esbuild/linux-riscv64": {
      "version": "0.27.1",
      "resolved": "https://registry.npmjs.org/@esbuild/linux-riscv64/-/linux-riscv64-0.27.1.tgz",
      "integrity": "sha512-7zlw8p3IApcsN7mFw0O1Z1PyEk6PlKMu18roImfl3iQHTnr/yAfYv6s4hXPidbDoI2Q0pW+5xeoM4eTCC0UdrQ==",
      "cpu": [
        "riscv64"
      ],
      "dev": true,
      "license": "MIT",
      "optional": true,
      "os": [
        "linux"
      ],
      "engines": {
        "node": ">=18"
      }
    },
    "node_modules/@esbuild/linux-s390x": {
      "version": "0.27.1",
      "resolved": "https://registry.npmjs.org/@esbuild/linux-s390x/-/linux-s390x-0.27.1.tgz",
      "integrity": "sha512-cGj5wli+G+nkVQdZo3+7FDKC25Uh4ZVwOAK6A06Hsvgr8WqBBuOy/1s+PUEd/6Je+vjfm6stX0kmib5b/O2Ykw==",
      "cpu": [
        "s390x"
      ],
      "dev": true,
      "license": "MIT",
      "optional": true,
      "os": [
        "linux"
      ],
      "engines": {
        "node": ">=18"
      }
    },
    "node_modules/@esbuild/linux-x64": {
      "version": "0.27.1",
      "resolved": "https://registry.npmjs.org/@esbuild/linux-x64/-/linux-x64-0.27.1.tgz",
      "integrity": "sha512-z3H/HYI9MM0HTv3hQZ81f+AKb+yEoCRlUby1F80vbQ5XdzEMyY/9iNlAmhqiBKw4MJXwfgsh7ERGEOhrM1niMA==",
      "cpu": [
        "x64"
      ],
      "dev": true,
      "license": "MIT",
      "optional": true,
      "os": [
        "linux"
      ],
      "engines": {
        "node": ">=18"
      }
    },
    "node_modules/@esbuild/netbsd-arm64": {
      "version": "0.27.1",
      "resolved": "https://registry.npmjs.org/@esbuild/netbsd-arm64/-/netbsd-arm64-0.27.1.tgz",
      "integrity": "sha512-wzC24DxAvk8Em01YmVXyjl96Mr+ecTPyOuADAvjGg+fyBpGmxmcr2E5ttf7Im8D0sXZihpxzO1isus8MdjMCXQ==",
      "cpu": [
        "arm64"
      ],
      "dev": true,
      "license": "MIT",
      "optional": true,
      "os": [
        "netbsd"
      ],
      "engines": {
        "node": ">=18"
      }
    },
    "node_modules/@esbuild/netbsd-x64": {
      "version": "0.27.1",
      "resolved": "https://registry.npmjs.org/@esbuild/netbsd-x64/-/netbsd-x64-0.27.1.tgz",
      "integrity": "sha512-1YQ8ybGi2yIXswu6eNzJsrYIGFpnlzEWRl6iR5gMgmsrR0FcNoV1m9k9sc3PuP5rUBLshOZylc9nqSgymI+TYg==",
      "cpu": [
        "x64"
      ],
      "dev": true,
      "license": "MIT",
      "optional": true,
      "os": [
        "netbsd"
      ],
      "engines": {
        "node": ">=18"
      }
    },
    "node_modules/@esbuild/openbsd-arm64": {
      "version": "0.27.1",
      "resolved": "https://registry.npmjs.org/@esbuild/openbsd-arm64/-/openbsd-arm64-0.27.1.tgz",
      "integrity": "sha512-5Z+DzLCrq5wmU7RDaMDe2DVXMRm2tTDvX2KU14JJVBN2CT/qov7XVix85QoJqHltpvAOZUAc3ndU56HSMWrv8g==",
      "cpu": [
        "arm64"
      ],
      "dev": true,
      "license": "MIT",
      "optional": true,
      "os": [
        "openbsd"
      ],
      "engines": {
        "node": ">=18"
      }
    },
    "node_modules/@esbuild/openbsd-x64": {
      "version": "0.27.1",
      "resolved": "https://registry.npmjs.org/@esbuild/openbsd-x64/-/openbsd-x64-0.27.1.tgz",
      "integrity": "sha512-Q73ENzIdPF5jap4wqLtsfh8YbYSZ8Q0wnxplOlZUOyZy7B4ZKW8DXGWgTCZmF8VWD7Tciwv5F4NsRf6vYlZtqg==",
      "cpu": [
        "x64"
      ],
      "dev": true,
      "license": "MIT",
      "optional": true,
      "os": [
        "openbsd"
      ],
      "engines": {
        "node": ">=18"
      }
    },
    "node_modules/@esbuild/openharmony-arm64": {
      "version": "0.27.1",
      "resolved": "https://registry.npmjs.org/@esbuild/openharmony-arm64/-/openharmony-arm64-0.27.1.tgz",
      "integrity": "sha512-ajbHrGM/XiK+sXM0JzEbJAen+0E+JMQZ2l4RR4VFwvV9JEERx+oxtgkpoKv1SevhjavK2z2ReHk32pjzktWbGg==",
      "cpu": [
        "arm64"
      ],
      "dev": true,
      "license": "MIT",
      "optional": true,
      "os": [
        "openharmony"
      ],
      "engines": {
        "node": ">=18"
      }
    },
    "node_modules/@esbuild/sunos-x64": {
      "version": "0.27.1",
      "resolved": "https://registry.npmjs.org/@esbuild/sunos-x64/-/sunos-x64-0.27.1.tgz",
      "integrity": "sha512-IPUW+y4VIjuDVn+OMzHc5FV4GubIwPnsz6ubkvN8cuhEqH81NovB53IUlrlBkPMEPxvNnf79MGBoz8rZ2iW8HA==",
      "cpu": [
        "x64"
      ],
      "dev": true,
      "license": "MIT",
      "optional": true,
      "os": [
        "sunos"
      ],
      "engines": {
        "node": ">=18"
      }
    },
    "node_modules/@esbuild/win32-arm64": {
      "version": "0.27.1",
      "resolved": "https://registry.npmjs.org/@esbuild/win32-arm64/-/win32-arm64-0.27.1.tgz",
      "integrity": "sha512-RIVRWiljWA6CdVu8zkWcRmGP7iRRIIwvhDKem8UMBjPql2TXM5PkDVvvrzMtj1V+WFPB4K7zkIGM7VzRtFkjdg==",
      "cpu": [
        "arm64"
      ],
      "dev": true,
      "license": "MIT",
      "optional": true,
      "os": [
        "win32"
      ],
      "engines": {
        "node": ">=18"
      }
    },
    "node_modules/@esbuild/win32-ia32": {
      "version": "0.27.1",
      "resolved": "https://registry.npmjs.org/@esbuild/win32-ia32/-/win32-ia32-0.27.1.tgz",
      "integrity": "sha512-2BR5M8CPbptC1AK5JbJT1fWrHLvejwZidKx3UMSF0ecHMa+smhi16drIrCEggkgviBwLYd5nwrFLSl5Kho96RQ==",
      "cpu": [
        "ia32"
      ],
      "dev": true,
      "license": "MIT",
      "optional": true,
      "os": [
        "win32"
      ],
      "engines": {
        "node": ">=18"
      }
    },
    "node_modules/@esbuild/win32-x64": {
      "version": "0.27.1",
      "resolved": "https://registry.npmjs.org/@esbuild/win32-x64/-/win32-x64-0.27.1.tgz",
      "integrity": "sha512-d5X6RMYv6taIymSk8JBP+nxv8DQAMY6A51GPgusqLdK9wBz5wWIXy1KjTck6HnjE9hqJzJRdk+1p/t5soSbCtw==",
      "cpu": [
        "x64"
      ],
      "dev": true,
      "license": "MIT",
      "optional": true,
      "os": [
        "win32"
      ],
      "engines": {
        "node": ">=18"
      }
    },
    "node_modules/@solana-program/system": {
      "version": "0.10.0",
      "resolved": "https://registry.npmjs.org/@solana-program/system/-/system-0.10.0.tgz",
      "integrity": "sha512-Go+LOEZmqmNlfr+Gjy5ZWAdY5HbYzk2RBewD9QinEU/bBSzpFfzqDRT55JjFRBGJUvMgf3C2vfXEGT4i8DSI4g==",
      "license": "Apache-2.0",
      "peerDependencies": {
        "@solana/kit": "^5.0"
      }
    },
    "node_modules/@solana/accounts": {
      "version": "5.0.0",
      "resolved": "https://registry.npmjs.org/@solana/accounts/-/accounts-5.0.0.tgz",
      "integrity": "sha512-0JzBdEobgp8NBdhhu+GgwNDh7e8KkHDsSTVZAnNQgvT3taOz0Mwv5E48MuEeDhW6DLFwWVAx/FO3pvibG/NGwA==",
      "license": "MIT",
      "dependencies": {
        "@solana/addresses": "5.0.0",
        "@solana/codecs-core": "5.0.0",
        "@solana/codecs-strings": "5.0.0",
        "@solana/errors": "5.0.0",
        "@solana/rpc-spec": "5.0.0",
        "@solana/rpc-types": "5.0.0"
      },
      "engines": {
        "node": ">=20.18.0"
      },
      "peerDependencies": {
        "typescript": ">=5.3.3"
      }
    },
    "node_modules/@solana/addresses": {
      "version": "5.0.0",
      "resolved": "https://registry.npmjs.org/@solana/addresses/-/addresses-5.0.0.tgz",
      "integrity": "sha512-bVk+khc1ZZQHMri25csosM/ikuyPcB/CZidDM/ZMBX0CoJErpHJnmcID5mYOmv4/UHbqo2OANuEaGcFO0Q37sw==",
      "license": "MIT",
      "dependencies": {
        "@solana/assertions": "5.0.0",
        "@solana/codecs-core": "5.0.0",
        "@solana/codecs-strings": "5.0.0",
        "@solana/errors": "5.0.0",
        "@solana/nominal-types": "5.0.0"
      },
      "engines": {
        "node": ">=20.18.0"
      },
      "peerDependencies": {
        "typescript": ">=5.3.3"
      }
    },
    "node_modules/@solana/assertions": {
      "version": "5.0.0",
      "resolved": "https://registry.npmjs.org/@solana/assertions/-/assertions-5.0.0.tgz",
      "integrity": "sha512-2kIykk90kYciQW6bp+KaE6jRd1Y2CgHPeJxxlc5chQnjhoG6eiD8VXvocs6AvqPTht0p/SoEj9jH5tT4oG/bcg==",
      "license": "MIT",
      "dependencies": {
        "@solana/errors": "5.0.0"
      },
      "engines": {
        "node": ">=20.18.0"
      },
      "peerDependencies": {
        "typescript": ">=5.3.3"
      }
    },
    "node_modules/@solana/codecs": {
      "version": "5.0.0",
      "resolved": "https://registry.npmjs.org/@solana/codecs/-/codecs-5.0.0.tgz",
      "integrity": "sha512-KOw0gFUSBxIMDWLJ3AkVFkEci91dw0Rpx3C6y83Our7fSW+SEP8vRZklCElieYR85LHVB1QIEhoeHR7rc+Ifkw==",
      "license": "MIT",
      "dependencies": {
        "@solana/codecs-core": "5.0.0",
        "@solana/codecs-data-structures": "5.0.0",
        "@solana/codecs-numbers": "5.0.0",
        "@solana/codecs-strings": "5.0.0",
        "@solana/options": "5.0.0"
      },
      "engines": {
        "node": ">=20.18.0"
      },
      "peerDependencies": {
        "typescript": ">=5.3.3"
      }
    },
    "node_modules/@solana/codecs-core": {
      "version": "5.0.0",
      "resolved": "https://registry.npmjs.org/@solana/codecs-core/-/codecs-core-5.0.0.tgz",
      "integrity": "sha512-rCG2d8OaamVF2/J//YyCgDqNJpUytVVltw9C8mJtEz5c6Se/LR6BFuG8g4xeJswq/ab4RFk5/HFdgbvNjKgQjA==",
      "license": "MIT",
      "dependencies": {
        "@solana/errors": "5.0.0"
      },
      "engines": {
        "node": ">=20.18.0"
      },
      "peerDependencies": {
        "typescript": ">=5.3.3"
      }
    },
    "node_modules/@solana/codecs-data-structures": {
      "version": "5.0.0",
      "resolved": "https://registry.npmjs.org/@solana/codecs-data-structures/-/codecs-data-structures-5.0.0.tgz",
      "integrity": "sha512-y503Pqmv0LHcfcf0vQJGaxDvydQJbyCo8nK3nxn56EhFj5lBQ1NWb3WvTd83epigwuZurW2MhJARrpikfhQglQ==",
      "license": "MIT",
      "dependencies": {
        "@solana/codecs-core": "5.0.0",
        "@solana/codecs-numbers": "5.0.0",
        "@solana/errors": "5.0.0"
      },
      "engines": {
        "node": ">=20.18.0"
      },
      "peerDependencies": {
        "typescript": ">=5.3.3"
      }
    },
    "node_modules/@solana/codecs-numbers": {
      "version": "5.0.0",
      "resolved": "https://registry.npmjs.org/@solana/codecs-numbers/-/codecs-numbers-5.0.0.tgz",
      "integrity": "sha512-a2+skRLuUK02f/XFe4L0e1+wHCyfK25PkyseFps1v1l4pvevukFwth/EhSyrs6w5CsTJRVoR7MuE3E00PM4egw==",
      "license": "MIT",
      "dependencies": {
        "@solana/codecs-core": "5.0.0",
        "@solana/errors": "5.0.0"
      },
      "engines": {
        "node": ">=20.18.0"
      },
      "peerDependencies": {
        "typescript": ">=5.3.3"
      }
    },
    "node_modules/@solana/codecs-strings": {
      "version": "5.0.0",
      "resolved": "https://registry.npmjs.org/@solana/codecs-strings/-/codecs-strings-5.0.0.tgz",
      "integrity": "sha512-ALkRwpV8bGR6qjAYw0YXZwp2YI4wzvKOJGmx04Ut8gMdbaUx7qOcJkhEQKI6ZVC3lAWSIS1N1wGccUZDwvfKxw==",
      "license": "MIT",
      "dependencies": {
        "@solana/codecs-core": "5.0.0",
        "@solana/codecs-numbers": "5.0.0",
        "@solana/errors": "5.0.0"
      },
      "engines": {
        "node": ">=20.18.0"
      },
      "peerDependencies": {
        "fastestsmallesttextencoderdecoder": "^1.0.22",
        "typescript": ">=5.3.3"
      }
    },
    "node_modules/@solana/errors": {
      "version": "5.0.0",
      "resolved": "https://registry.npmjs.org/@solana/errors/-/errors-5.0.0.tgz",
      "integrity": "sha512-gTuhzO6E+ydfAAzqmqdPcvFyJwAzFKKIrqtnZPpgAuomcPYu+HSo0tuwSM/cTX0djmHt+GoOsf/julph+nvs2w==",
      "license": "MIT",
      "dependencies": {
        "chalk": "5.6.2",
        "commander": "14.0.1"
      },
      "bin": {
        "errors": "bin/cli.mjs"
      },
      "engines": {
        "node": ">=20.18.0"
      },
      "peerDependencies": {
        "typescript": ">=5.3.3"
      }
    },
    "node_modules/@solana/fast-stable-stringify": {
      "version": "5.0.0",
      "resolved": "https://registry.npmjs.org/@solana/fast-stable-stringify/-/fast-stable-stringify-5.0.0.tgz",
      "integrity": "sha512-sGTbu7a4/olL+8EIOOJ7IZjzqOOpCJcK1UaVJ6015sRgo9vwGf4jg9KtXEYv5LVhLCTYmAb50L4BaIUcBph/Ig==",
      "license": "MIT",
      "engines": {
        "node": ">=20.18.0"
      },
      "peerDependencies": {
        "typescript": ">=5.3.3"
      }
    },
    "node_modules/@solana/functional": {
      "version": "5.0.0",
      "resolved": "https://registry.npmjs.org/@solana/functional/-/functional-5.0.0.tgz",
      "integrity": "sha512-UNBrpfzBL4dKD2iucjNnrkFbnjz5ZYDu2OvrIBAcCSQsxxgHMamUj1n3EDe6kl1us49YG1r05Ho8QLqNrbkVbw==",
      "license": "MIT",
      "engines": {
        "node": ">=20.18.0"
      },
      "peerDependencies": {
        "typescript": ">=5.3.3"
      }
    },
    "node_modules/@solana/instruction-plans": {
      "version": "5.0.0",
      "resolved": "https://registry.npmjs.org/@solana/instruction-plans/-/instruction-plans-5.0.0.tgz",
      "integrity": "sha512-n9oFOMFUPYKEhsXzrXT97QBQ2WvOTar+5SFEj/IOtRuCn4gl2kh0369cjXZpFwUdE3tmKr1zfYFNwbtiNx5pvg==",
      "license": "MIT",
      "dependencies": {
        "@solana/errors": "5.0.0",
        "@solana/instructions": "5.0.0",
        "@solana/promises": "5.0.0",
        "@solana/transaction-messages": "5.0.0",
        "@solana/transactions": "5.0.0"
      },
      "engines": {
        "node": ">=20.18.0"
      },
      "peerDependencies": {
        "typescript": ">=5.3.3"
      }
    },
    "node_modules/@solana/instructions": {
      "version": "5.0.0",
      "resolved": "https://registry.npmjs.org/@solana/instructions/-/instructions-5.0.0.tgz",
      "integrity": "sha512-12dbrmwERT1o6NTr/Uvrjj/ZsiteSXoT5Gi+dnjIeRNHWg9H+gEFuFzJvTDVKlNg34CZ71xdvbVdbV0V8gKGvg==",
      "license": "MIT",
      "dependencies": {
        "@solana/codecs-core": "5.0.0",
        "@solana/errors": "5.0.0"
      },
      "engines": {
        "node": ">=20.18.0"
      },
      "peerDependencies": {
        "typescript": ">=5.3.3"
      }
    },
    "node_modules/@solana/keys": {
      "version": "5.0.0",
      "resolved": "https://registry.npmjs.org/@solana/keys/-/keys-5.0.0.tgz",
      "integrity": "sha512-kWkR7NslpTttk5i1BhBNCDtVQDkEtgkdsM3Jp9TGPk0GFjBjBwrQStw3vvwLe8itEIvRFGFZU6JHEk8HLS0WLQ==",
      "license": "MIT",
      "dependencies": {
        "@solana/assertions": "5.0.0",
        "@solana/codecs-core": "5.0.0",
        "@solana/codecs-strings": "5.0.0",
        "@solana/errors": "5.0.0",
        "@solana/nominal-types": "5.0.0"
      },
      "engines": {
        "node": ">=20.18.0"
      },
      "peerDependencies": {
        "typescript": ">=5.3.3"
      }
    },
    "node_modules/@solana/kit": {
      "version": "5.0.0",
      "resolved": "https://registry.npmjs.org/@solana/kit/-/kit-5.0.0.tgz",
      "integrity": "sha512-3ahtzmmMgU+1l2YMhQJSKKm14IdvCycOE/m4XNMu/4icBIptmBgZxrmgRpPHqBilBa+Krp/hBuTg4HWl9IAgWw==",
      "license": "MIT",
      "dependencies": {
        "@solana/accounts": "5.0.0",
        "@solana/addresses": "5.0.0",
        "@solana/codecs": "5.0.0",
        "@solana/errors": "5.0.0",
        "@solana/functional": "5.0.0",
        "@solana/instruction-plans": "5.0.0",
        "@solana/instructions": "5.0.0",
        "@solana/keys": "5.0.0",
        "@solana/programs": "5.0.0",
        "@solana/rpc": "5.0.0",
        "@solana/rpc-parsed-types": "5.0.0",
        "@solana/rpc-spec-types": "5.0.0",
        "@solana/rpc-subscriptions": "5.0.0",
        "@solana/rpc-types": "5.0.0",
        "@solana/signers": "5.0.0",
        "@solana/sysvars": "5.0.0",
        "@solana/transaction-confirmation": "5.0.0",
        "@solana/transaction-messages": "5.0.0",
        "@solana/transactions": "5.0.0"
      },
      "engines": {
        "node": ">=20.18.0"
      },
      "peerDependencies": {
        "typescript": ">=5.3.3"
      }
    },
    "node_modules/@solana/nominal-types": {
      "version": "5.0.0",
      "resolved": "https://registry.npmjs.org/@solana/nominal-types/-/nominal-types-5.0.0.tgz",
      "integrity": "sha512-Qn7xH4UG2rDAv+wAyheP4jWvX3oQmbZ/woxFZwug7PaRLvyjUswGr38Hil+SjiQyFDo+un1UqWM9N9yusUeeZQ==",
      "license": "MIT",
      "engines": {
        "node": ">=20.18.0"
      },
      "peerDependencies": {
        "typescript": ">=5.3.3"
      }
    },
    "node_modules/@solana/options": {
      "version": "5.0.0",
      "resolved": "https://registry.npmjs.org/@solana/options/-/options-5.0.0.tgz",
      "integrity": "sha512-ezHVBFb9FXVSn8LUVRD2tLb6fejU0x8KtGEYyCYh0J0pQuXSITV0IQCjcEopvu/ZxWdXOJyzjvmymnhz90on5A==",
      "license": "MIT",
      "dependencies": {
        "@solana/codecs-core": "5.0.0",
        "@solana/codecs-data-structures": "5.0.0",
        "@solana/codecs-numbers": "5.0.0",
        "@solana/codecs-strings": "5.0.0",
        "@solana/errors": "5.0.0"
      },
      "engines": {
        "node": ">=20.18.0"
      },
      "peerDependencies": {
        "typescript": ">=5.3.3"
      }
    },
    "node_modules/@solana/programs": {
      "version": "5.0.0",
      "resolved": "https://registry.npmjs.org/@solana/programs/-/programs-5.0.0.tgz",
      "integrity": "sha512-BKOfBDrSUCJGZ+qKk2aFLu0nU9/84o6z/VDCJkLjaNNuTv8nOlSYq5flNzo1eyJmnpyW372qNvqqRN3AS23+FQ==",
      "license": "MIT",
      "dependencies": {
        "@solana/addresses": "5.0.0",
        "@solana/errors": "5.0.0"
      },
      "engines": {
        "node": ">=20.18.0"
      },
      "peerDependencies": {
        "typescript": ">=5.3.3"
      }
    },
    "node_modules/@solana/promises": {
      "version": "5.0.0",
      "resolved": "https://registry.npmjs.org/@solana/promises/-/promises-5.0.0.tgz",
      "integrity": "sha512-Qmg3UfYfWINEUvBQL3DkPOq34tTg5cfrkPlDtJmi8RVifsPqb6hksbKZGu7ASLZohxIDGmnYQY6oELI7Me+5yw==",
      "license": "MIT",
      "engines": {
        "node": ">=20.18.0"
      },
      "peerDependencies": {
        "typescript": ">=5.3.3"
      }
    },
    "node_modules/@solana/rpc": {
      "version": "5.0.0",
      "resolved": "https://registry.npmjs.org/@solana/rpc/-/rpc-5.0.0.tgz",
      "integrity": "sha512-Myx/ZBmMHkgh9Di3tLzc+vd30f+6YC1JXr9+YmIHKEeqN/+iTHkDJU2E/hGRLy8vTOBOU7+2466A+dLnSVuGkg==",
      "license": "MIT",
      "dependencies": {
        "@solana/errors": "5.0.0",
        "@solana/fast-stable-stringify": "5.0.0",
        "@solana/functional": "5.0.0",
        "@solana/rpc-api": "5.0.0",
        "@solana/rpc-spec": "5.0.0",
        "@solana/rpc-spec-types": "5.0.0",
        "@solana/rpc-transformers": "5.0.0",
        "@solana/rpc-transport-http": "5.0.0",
        "@solana/rpc-types": "5.0.0"
      },
      "engines": {
        "node": ">=20.18.0"
      },
      "peerDependencies": {
        "typescript": ">=5.3.3"
      }
    },
    "node_modules/@solana/rpc-api": {
      "version": "5.0.0",
      "resolved": "https://registry.npmjs.org/@solana/rpc-api/-/rpc-api-5.0.0.tgz",
      "integrity": "sha512-IJbZZnX2B1ldXPok1NhneXTYq9ZvdJbE5Pryr03pZTlPJaWGqDcZuQ14nwR4s6PoUUgdT+p87QlLZqLb8MusoQ==",
      "license": "MIT",
      "dependencies": {
        "@solana/addresses": "5.0.0",
        "@solana/codecs-core": "5.0.0",
        "@solana/codecs-strings": "5.0.0",
        "@solana/errors": "5.0.0",
        "@solana/keys": "5.0.0",
        "@solana/rpc-parsed-types": "5.0.0",
        "@solana/rpc-spec": "5.0.0",
        "@solana/rpc-transformers": "5.0.0",
        "@solana/rpc-types": "5.0.0",
        "@solana/transaction-messages": "5.0.0",
        "@solana/transactions": "5.0.0"
      },
      "engines": {
        "node": ">=20.18.0"
      },
      "peerDependencies": {
        "typescript": ">=5.3.3"
      }
    },
    "node_modules/@solana/rpc-parsed-types": {
      "version": "5.0.0",
      "resolved": "https://registry.npmjs.org/@solana/rpc-parsed-types/-/rpc-parsed-types-5.0.0.tgz",
      "integrity": "sha512-fU9uqlOYAaBqgk2qCl+ntenBm7wuSFBRbIO/rVjeBPd/qPCvNZU+qFET+ERLK6wbCTSz0MmdHqPn1V8KCMOvZQ==",
      "license": "MIT",
      "engines": {
        "node": ">=20.18.0"
      },
      "peerDependencies": {
        "typescript": ">=5.3.3"
      }
    },
    "node_modules/@solana/rpc-spec": {
      "version": "5.0.0",
      "resolved": "https://registry.npmjs.org/@solana/rpc-spec/-/rpc-spec-5.0.0.tgz",
      "integrity": "sha512-1LD2SYEQ5bYhiBumznAPzymtxSX4nYLZd6u+FA0bAxNBVzHDvUUQzVSXHAoWROhlGrCyvtALTs9u0DIDlgZHCA==",
      "license": "MIT",
      "dependencies": {
        "@solana/errors": "5.0.0",
        "@solana/rpc-spec-types": "5.0.0"
      },
      "engines": {
        "node": ">=20.18.0"
      },
      "peerDependencies": {
        "typescript": ">=5.3.3"
      }
    },
    "node_modules/@solana/rpc-spec-types": {
      "version": "5.0.0",
      "resolved": "https://registry.npmjs.org/@solana/rpc-spec-types/-/rpc-spec-types-5.0.0.tgz",
      "integrity": "sha512-B0P/ylXVaCG5oSIV+kB88s2qoW996D8iKhc7RyF0C/AyYvklF6kCwv0N9ZVrWp0ibjlQ8St290WbBHJyo7QZkA==",
      "license": "MIT",
      "engines": {
        "node": ">=20.18.0"
      },
      "peerDependencies": {
        "typescript": ">=5.3.3"
      }
    },
    "node_modules/@solana/rpc-subscriptions": {
      "version": "5.0.0",
      "resolved": "https://registry.npmjs.org/@solana/rpc-subscriptions/-/rpc-subscriptions-5.0.0.tgz",
      "integrity": "sha512-cziOSzom/bwFZXViR9J+MxDsdLMcfvrXGw5Icng7dYODFKuVqfsDrQoG8uekJc4fREnbPEM2U+u9YnYSYbFbww==",
      "license": "MIT",
      "dependencies": {
        "@solana/errors": "5.0.0",
        "@solana/fast-stable-stringify": "5.0.0",
        "@solana/functional": "5.0.0",
        "@solana/promises": "5.0.0",
        "@solana/rpc-spec-types": "5.0.0",
        "@solana/rpc-subscriptions-api": "5.0.0",
        "@solana/rpc-subscriptions-channel-websocket": "5.0.0",
        "@solana/rpc-subscriptions-spec": "5.0.0",
        "@solana/rpc-transformers": "5.0.0",
        "@solana/rpc-types": "5.0.0",
        "@solana/subscribable": "5.0.0"
      },
      "engines": {
        "node": ">=20.18.0"
      },
      "peerDependencies": {
        "typescript": ">=5.3.3"
      }
    },
    "node_modules/@solana/rpc-subscriptions-api": {
      "version": "5.0.0",
      "resolved": "https://registry.npmjs.org/@solana/rpc-subscriptions-api/-/rpc-subscriptions-api-5.0.0.tgz",
      "integrity": "sha512-DGUn3C12swV2FConOlLFN14npIrCtnxehtMLjszMC7g6p/P6WNIz5uAgF7YcIkLBDV8uTeWhM0azmK+V8Qqhvg==",
      "license": "MIT",
      "dependencies": {
        "@solana/addresses": "5.0.0",
        "@solana/keys": "5.0.0",
        "@solana/rpc-subscriptions-spec": "5.0.0",
        "@solana/rpc-transformers": "5.0.0",
        "@solana/rpc-types": "5.0.0",
        "@solana/transaction-messages": "5.0.0",
        "@solana/transactions": "5.0.0"
      },
      "engines": {
        "node": ">=20.18.0"
      },
      "peerDependencies": {
        "typescript": ">=5.3.3"
      }
    },
    "node_modules/@solana/rpc-subscriptions-channel-websocket": {
      "version": "5.0.0",
      "resolved": "https://registry.npmjs.org/@solana/rpc-subscriptions-channel-websocket/-/rpc-subscriptions-channel-websocket-5.0.0.tgz",
      "integrity": "sha512-vsYXyjVX/kExfpr91zfMKTmWKKFCM+dkhXQDAz5aEE7kAF3KSZDiOGeYvN8Rc85lbIt9QK6BLAT+NBMv4/N9Qg==",
      "license": "MIT",
      "dependencies": {
        "@solana/errors": "5.0.0",
        "@solana/functional": "5.0.0",
        "@solana/rpc-subscriptions-spec": "5.0.0",
        "@solana/subscribable": "5.0.0"
      },
      "engines": {
        "node": ">=20.18.0"
      },
      "peerDependencies": {
        "typescript": ">=5.3.3",
        "ws": "^8.18.0"
      }
    },
    "node_modules/@solana/rpc-subscriptions-spec": {
      "version": "5.0.0",
      "resolved": "https://registry.npmjs.org/@solana/rpc-subscriptions-spec/-/rpc-subscriptions-spec-5.0.0.tgz",
      "integrity": "sha512-erRLvZMncwnciJP6I1SlAk0CyRGIgt83PyHWOVCRXENP9Q5dZbZ9pm4lar2yIp8EjIMnodGHsQWIlKc1hlCQlQ==",
      "license": "MIT",
      "dependencies": {
        "@solana/errors": "5.0.0",
        "@solana/promises": "5.0.0",
        "@solana/rpc-spec-types": "5.0.0",
        "@solana/subscribable": "5.0.0"
      },
      "engines": {
        "node": ">=20.18.0"
      },
      "peerDependencies": {
        "typescript": ">=5.3.3"
      }
    },
    "node_modules/@solana/rpc-transformers": {
      "version": "5.0.0",
      "resolved": "https://registry.npmjs.org/@solana/rpc-transformers/-/rpc-transformers-5.0.0.tgz",
      "integrity": "sha512-EMHhSgfF6/T4FfHbLaBP08SIj1ZAjxJr6WPNZMHLV7Cup8UfiB9TNV+bPQkum7JbVQNhUKzkKEEmyYqPfQoV9w==",
      "license": "MIT",
      "dependencies": {
        "@solana/errors": "5.0.0",
        "@solana/functional": "5.0.0",
        "@solana/nominal-types": "5.0.0",
        "@solana/rpc-spec-types": "5.0.0",
        "@solana/rpc-types": "5.0.0"
      },
      "engines": {
        "node": ">=20.18.0"
      },
      "peerDependencies": {
        "typescript": ">=5.3.3"
      }
    },
    "node_modules/@solana/rpc-transport-http": {
      "version": "5.0.0",
      "resolved": "https://registry.npmjs.org/@solana/rpc-transport-http/-/rpc-transport-http-5.0.0.tgz",
      "integrity": "sha512-RoIEvWp7yc7rIRzNkOyjLs2UQF0odIEMWj87dbD4Ir4hwTCGo/TSTfQF/8KDV2etdke3Fa1K+W1NkpG2POqWFg==",
      "license": "MIT",
      "dependencies": {
        "@solana/errors": "5.0.0",
        "@solana/rpc-spec": "5.0.0",
        "@solana/rpc-spec-types": "5.0.0",
        "undici-types": "^7.16.0"
      },
      "engines": {
        "node": ">=20.18.0"
      },
      "peerDependencies": {
        "typescript": ">=5.3.3"
      }
    },
    "node_modules/@solana/rpc-transport-http/node_modules/undici-types": {
      "version": "7.16.0",
      "resolved": "https://registry.npmjs.org/undici-types/-/undici-types-7.16.0.tgz",
      "integrity": "sha512-Zz+aZWSj8LE6zoxD+xrjh4VfkIG8Ya6LvYkZqtUQGJPZjYl53ypCaUwWqo7eI0x66KBGeRo+mlBEkMSeSZ38Nw==",
      "license": "MIT"
    },
    "node_modules/@solana/rpc-types": {
      "version": "5.0.0",
      "resolved": "https://registry.npmjs.org/@solana/rpc-types/-/rpc-types-5.0.0.tgz",
      "integrity": "sha512-JMbhwnV6nX4ezJv/KmaElOR0r/MZTKzKpaz6cv7FopLNuPrYCBrRCZKuM2XQh6gUbt9Mey08/KBOmOGmzTbL/g==",
      "license": "MIT",
      "dependencies": {
        "@solana/addresses": "5.0.0",
        "@solana/codecs-core": "5.0.0",
        "@solana/codecs-numbers": "5.0.0",
        "@solana/codecs-strings": "5.0.0",
        "@solana/errors": "5.0.0",
        "@solana/nominal-types": "5.0.0"
      },
      "engines": {
        "node": ">=20.18.0"
      },
      "peerDependencies": {
        "typescript": ">=5.3.3"
      }
    },
    "node_modules/@solana/signers": {
      "version": "5.0.0",
      "resolved": "https://registry.npmjs.org/@solana/signers/-/signers-5.0.0.tgz",
      "integrity": "sha512-9Hw6HekSEzj5O7UBBFPrxk96W5e8tMI3n7KbW7/QiKBDpuvYw9WtnjOsWUE7LqQoc1P0JjGEsrmxE9raQBLvuQ==",
      "license": "MIT",
      "dependencies": {
        "@solana/addresses": "5.0.0",
        "@solana/codecs-core": "5.0.0",
        "@solana/errors": "5.0.0",
        "@solana/instructions": "5.0.0",
        "@solana/keys": "5.0.0",
        "@solana/nominal-types": "5.0.0",
        "@solana/transaction-messages": "5.0.0",
        "@solana/transactions": "5.0.0"
      },
      "engines": {
        "node": ">=20.18.0"
      },
      "peerDependencies": {
        "typescript": ">=5.3.3"
      }
    },
    "node_modules/@solana/subscribable": {
      "version": "5.0.0",
      "resolved": "https://registry.npmjs.org/@solana/subscribable/-/subscribable-5.0.0.tgz",
      "integrity": "sha512-C2TydIRRd5XUJ8asbARi67Sj/3DRLubWalnNoafBhDsrb88jsRVylntvwXgBw/+lwJdEPEsUnxvcdgdm+3lFlw==",
      "license": "MIT",
      "dependencies": {
        "@solana/errors": "5.0.0"
      },
      "engines": {
        "node": ">=20.18.0"
      },
      "peerDependencies": {
        "typescript": ">=5.3.3"
      }
    },
    "node_modules/@solana/sysvars": {
      "version": "5.0.0",
      "resolved": "https://registry.npmjs.org/@solana/sysvars/-/sysvars-5.0.0.tgz",
      "integrity": "sha512-F/GEb2rS8mrgDd79lDPyu8za9jGE6cRlS4jHNeKCkvOCJxdKQbX34JIzx4kwzjtvk7O8/yrDHfGdpA8nBg/l4w==",
      "license": "MIT",
      "dependencies": {
        "@solana/accounts": "5.0.0",
        "@solana/codecs": "5.0.0",
        "@solana/errors": "5.0.0",
        "@solana/rpc-types": "5.0.0"
      },
      "engines": {
        "node": ">=20.18.0"
      },
      "peerDependencies": {
        "typescript": ">=5.3.3"
      }
    },
    "node_modules/@solana/transaction-confirmation": {
      "version": "5.0.0",
      "resolved": "https://registry.npmjs.org/@solana/transaction-confirmation/-/transaction-confirmation-5.0.0.tgz",
      "integrity": "sha512-LpusTopYIuQC8hBCloExkTr4Z5/zdp5f4IIbzD5XFeW3xXPZytS3H1IDMGk4bmLdZi9zQNA4lnNHKra5IncRbw==",
      "license": "MIT",
      "dependencies": {
        "@solana/addresses": "5.0.0",
        "@solana/codecs-strings": "5.0.0",
        "@solana/errors": "5.0.0",
        "@solana/keys": "5.0.0",
        "@solana/promises": "5.0.0",
        "@solana/rpc": "5.0.0",
        "@solana/rpc-subscriptions": "5.0.0",
        "@solana/rpc-types": "5.0.0",
        "@solana/transaction-messages": "5.0.0",
        "@solana/transactions": "5.0.0"
      },
      "engines": {
        "node": ">=20.18.0"
      },
      "peerDependencies": {
        "typescript": ">=5.3.3"
      }
    },
    "node_modules/@solana/transaction-messages": {
      "version": "5.0.0",
      "resolved": "https://registry.npmjs.org/@solana/transaction-messages/-/transaction-messages-5.0.0.tgz",
      "integrity": "sha512-rJLe1wUGW5DovQFV0gjXHXnriPxTBgZ3TvGWnjCu2OIBU8mcQkQVJ7zzVZY2IAYlmJ6OSF9nvzhSt/ncPbkJPg==",
      "license": "MIT",
      "dependencies": {
        "@solana/addresses": "5.0.0",
        "@solana/codecs-core": "5.0.0",
        "@solana/codecs-data-structures": "5.0.0",
        "@solana/codecs-numbers": "5.0.0",
        "@solana/errors": "5.0.0",
        "@solana/functional": "5.0.0",
        "@solana/instructions": "5.0.0",
        "@solana/nominal-types": "5.0.0",
        "@solana/rpc-types": "5.0.0"
      },
      "engines": {
        "node": ">=20.18.0"
      },
      "peerDependencies": {
        "typescript": ">=5.3.3"
      }
    },
    "node_modules/@solana/transactions": {
      "version": "5.0.0",
      "resolved": "https://registry.npmjs.org/@solana/transactions/-/transactions-5.0.0.tgz",
      "integrity": "sha512-4TcsqH7JtgRKGGBIRRGz0n+tXu4h5TPPC49kkV0ygIndQaHW7FOZUYTwQ0epq0A5h9KYi+ClNbzF9xiuDbAD5Q==",
      "license": "MIT",
      "dependencies": {
        "@solana/addresses": "5.0.0",
        "@solana/codecs-core": "5.0.0",
        "@solana/codecs-data-structures": "5.0.0",
        "@solana/codecs-numbers": "5.0.0",
        "@solana/codecs-strings": "5.0.0",
        "@solana/errors": "5.0.0",
        "@solana/functional": "5.0.0",
        "@solana/instructions": "5.0.0",
        "@solana/keys": "5.0.0",
        "@solana/nominal-types": "5.0.0",
        "@solana/rpc-types": "5.0.0",
        "@solana/transaction-messages": "5.0.0"
      },
      "engines": {
        "node": ">=20.18.0"
      },
      "peerDependencies": {
        "typescript": ">=5.3.3"
      }
    },
    "node_modules/@types/node": {
      "version": "22.19.2",
      "resolved": "https://registry.npmjs.org/@types/node/-/node-22.19.2.tgz",
      "integrity": "sha512-LPM2G3Syo1GLzXLGJAKdqoU35XvrWzGJ21/7sgZTUpbkBaOasTj8tjwn6w+hCkqaa1TfJ/w67rJSwYItlJ2mYw==",
      "dev": true,
      "license": "MIT",
      "dependencies": {
        "undici-types": "~6.21.0"
      }
    },
    "node_modules/chalk": {
      "version": "5.6.2",
      "resolved": "https://registry.npmjs.org/chalk/-/chalk-5.6.2.tgz",
      "integrity": "sha512-7NzBL0rN6fMUW+f7A6Io4h40qQlG+xGmtMxfbnH/K7TAtt8JQWVQK+6g0UXKMeVJoyV5EkkNsErQ8pVD3bLHbA==",
      "license": "MIT",
      "engines": {
        "node": "^12.17.0 || ^14.13 || >=16.0.0"
      },
      "funding": {
        "url": "https://github.com/chalk/chalk?sponsor=1"
      }
    },
    "node_modules/commander": {
      "version": "14.0.1",
      "resolved": "https://registry.npmjs.org/commander/-/commander-14.0.1.tgz",
      "integrity": "sha512-2JkV3gUZUVrbNA+1sjBOYLsMZ5cEEl8GTFP2a4AVz5hvasAMCQ1D2l2le/cX+pV4N6ZU17zjUahLpIXRrnWL8A==",
      "license": "MIT",
      "engines": {
        "node": ">=20"
      }
    },
    "node_modules/esbuild": {
      "version": "0.27.1",
      "resolved": "https://registry.npmjs.org/esbuild/-/esbuild-0.27.1.tgz",
      "integrity": "sha512-yY35KZckJJuVVPXpvjgxiCuVEJT67F6zDeVTv4rizyPrfGBUpZQsvmxnN+C371c2esD/hNMjj4tpBhuueLN7aA==",
      "dev": true,
      "hasInstallScript": true,
      "license": "MIT",
      "bin": {
        "esbuild": "bin/esbuild"
      },
      "engines": {
        "node": ">=18"
      },
      "optionalDependencies": {
        "@esbuild/aix-ppc64": "0.27.1",
        "@esbuild/android-arm": "0.27.1",
        "@esbuild/android-arm64": "0.27.1",
        "@esbuild/android-x64": "0.27.1",
        "@esbuild/darwin-arm64": "0.27.1",
        "@esbuild/darwin-x64": "0.27.1",
        "@esbuild/freebsd-arm64": "0.27.1",
        "@esbuild/freebsd-x64": "0.27.1",
        "@esbuild/linux-arm": "0.27.1",
        "@esbuild/linux-arm64": "0.27.1",
        "@esbuild/linux-ia32": "0.27.1",
        "@esbuild/linux-loong64": "0.27.1",
        "@esbuild/linux-mips64el": "0.27.1",
        "@esbuild/linux-ppc64": "0.27.1",
        "@esbuild/linux-riscv64": "0.27.1",
        "@esbuild/linux-s390x": "0.27.1",
        "@esbuild/linux-x64": "0.27.1",
        "@esbuild/netbsd-arm64": "0.27.1",
        "@esbuild/netbsd-x64": "0.27.1",
        "@esbuild/openbsd-arm64": "0.27.1",
        "@esbuild/openbsd-x64": "0.27.1",
        "@esbuild/openharmony-arm64": "0.27.1",
        "@esbuild/sunos-x64": "0.27.1",
        "@esbuild/win32-arm64": "0.27.1",
        "@esbuild/win32-ia32": "0.27.1",
        "@esbuild/win32-x64": "0.27.1"
      }
    },
    "node_modules/fastestsmallesttextencoderdecoder": {
      "version": "1.0.22",
      "resolved": "https://registry.npmjs.org/fastestsmallesttextencoderdecoder/-/fastestsmallesttextencoderdecoder-1.0.22.tgz",
      "integrity": "sha512-Pb8d48e+oIuY4MaM64Cd7OW1gt4nxCHs7/ddPPZ/Ic3sg8yVGM7O9wDvZ7us6ScaUupzM+pfBolwtYhN1IxBIw==",
      "license": "CC0-1.0",
      "peer": true
    },
    "node_modules/fsevents": {
      "version": "2.3.3",
      "resolved": "https://registry.npmjs.org/fsevents/-/fsevents-2.3.3.tgz",
      "integrity": "sha512-5xoDfX+fL7faATnagmWPpbFtwh/R77WmMMqqHGS65C3vvB0YHrgF+B1YmZ3441tMj5n63k0212XNoJwzlhffQw==",
      "dev": true,
      "hasInstallScript": true,
      "license": "MIT",
      "optional": true,
      "os": [
        "darwin"
      ],
      "engines": {
        "node": "^8.16.0 || ^10.6.0 || >=11.0.0"
      }
    },
    "node_modules/get-tsconfig": {
      "version": "4.13.0",
      "resolved": "https://registry.npmjs.org/get-tsconfig/-/get-tsconfig-4.13.0.tgz",
      "integrity": "sha512-1VKTZJCwBrvbd+Wn3AOgQP/2Av+TfTCOlE4AcRJE72W1ksZXbAx8PPBR9RzgTeSPzlPMHrbANMH3LbltH73wxQ==",
      "dev": true,
      "license": "MIT",
      "dependencies": {
        "resolve-pkg-maps": "^1.0.0"
      },
      "funding": {
        "url": "https://github.com/privatenumber/get-tsconfig?sponsor=1"
      }
    },
    "node_modules/resolve-pkg-maps": {
      "version": "1.0.0",
      "resolved": "https://registry.npmjs.org/resolve-pkg-maps/-/resolve-pkg-maps-1.0.0.tgz",
      "integrity": "sha512-seS2Tj26TBVOC2NIc2rOe2y2ZO7efxITtLZcGSOnHHNOQ7CkiUBfw0Iw2ck6xkIhPwLhKNLS8BO+hEpngQlqzw==",
      "dev": true,
      "license": "MIT",
      "funding": {
        "url": "https://github.com/privatenumber/resolve-pkg-maps?sponsor=1"
      }
    },
    "node_modules/tsx": {
      "version": "4.21.0",
      "resolved": "https://registry.npmjs.org/tsx/-/tsx-4.21.0.tgz",
      "integrity": "sha512-5C1sg4USs1lfG0GFb2RLXsdpXqBSEhAaA/0kPL01wxzpMqLILNxIxIOKiILz+cdg/pLnOUxFYOR5yhHU666wbw==",
      "dev": true,
      "license": "MIT",
      "dependencies": {
        "esbuild": "~0.27.0",
        "get-tsconfig": "^4.7.5"
      },
      "bin": {
        "tsx": "dist/cli.mjs"
      },
      "engines": {
        "node": ">=18.0.0"
      },
      "optionalDependencies": {
        "fsevents": "~2.3.3"
      }
    },
    "node_modules/typescript": {
      "version": "5.9.3",
      "resolved": "https://registry.npmjs.org/typescript/-/typescript-5.9.3.tgz",
      "integrity": "sha512-jl1vZzPDinLr9eUt3J/t7V6FgNEw9QjvBPdysz9KfQDD41fQrC2Y4vKQdiaUpFT4bXlb1RHhLpp8wtm6M5TgSw==",
      "license": "Apache-2.0",
      "bin": {
        "tsc": "bin/tsc",
        "tsserver": "bin/tsserver"
      },
      "engines": {
        "node": ">=14.17"
      }
    },
    "node_modules/undici-types": {
      "version": "6.21.0",
      "resolved": "https://registry.npmjs.org/undici-types/-/undici-types-6.21.0.tgz",
      "integrity": "sha512-iwDZqg0QAGrg9Rav5H4n0M64c3mkR59cJ6wQp+7C4nI0gsmExaedaYLNO44eT4AtBBwjbTiGPMlt2Md0T9H9JQ==",
      "dev": true,
      "license": "MIT"
    },
    "node_modules/ws": {
      "version": "8.18.3",
      "resolved": "https://registry.npmjs.org/ws/-/ws-8.18.3.tgz",
      "integrity": "sha512-PEIGCY5tSlUt50cqyMXfCzX+oOPqN0vuGqWzbcJ2xvnkzkq46oOpz7dQaTDBdfICb4N14+GARUDw2XV2N4tvzg==",
      "license": "MIT",
      "peer": true,
      "engines": {
        "node": ">=10.0.0"
      },
      "peerDependencies": {
        "bufferutil": "^4.0.1",
        "utf-8-validate": ">=5.0.2"
      },
      "peerDependenciesMeta": {
        "bufferutil": {
          "optional": true
        },
        "utf-8-validate": {
          "optional": true
        }
      }
    }
  }
}
