{
  "name": "cubesigner-solana-example",
  "version": "1.0.0",
  "lockfileVersion": 3,
  "requires": true,
  "packages": {
    "": {
      "name": "cubesigner-solana-example",
      "version": "1.0.0",
      "license": "MIT OR Apache-2.0",
      "dependencies": {
        "@cubist-labs/cubesigner-sdk": "../../packages/sdk",
        "@cubist-labs/cubesigner-sdk-fs-storage": "../../packages/fs-storage",
        "@solana/web3.js": "^1.91.7"
      },
      "devDependencies": {
        "@types/node": "^20.10.7",
        "ts-node": "^10.9.1",
        "typescript": "^4.8"
      }
    },
    "../../packages/fs-storage": {
      "name": "@cubist-labs/cubesigner-sdk-fs-storage",
      "version": "0.4.0",
      "license": "MIT OR Apache-2.0",
      "devDependencies": {
        "@solana/web3.js": "^1.91.7"
      },
      "peerDependencies": {
        "@cubist-labs/cubesigner-sdk": "^0.4.0"
      }
    },
    "../../packages/sdk": {
      "name": "@cubist-labs/cubesigner-sdk",
      "version": "0.4.0",
      "license": "MIT OR Apache-2.0",
      "dependencies": {
        "openapi-fetch": "0.8.2"
      },
      "devDependencies": {
        "openapi-typescript-helpers": "^0.0.7",
        "typescript": "^4.8"
      },
      "engines": {
        "node": ">=18.0.0"
      },
      "optionalDependencies": {
        "@hpke/core": "^1.2.7"
      }
    },
    "../../packages/sdk/node_modules/typescript": {
      "version": "4.9.5",
      "dev": true,
      "license": "Apache-2.0",
      "bin": {
        "tsc": "bin/tsc",
        "tsserver": "bin/tsserver"
      },
      "engines": {
        "node": ">=4.2.0"
      }
    },
    "node_modules/@babel/runtime": {
      "version": "7.24.7",
      "license": "MIT",
      "dependencies": {
        "regenerator-runtime": "^0.14.0"
      },
      "engines": {
        "node": ">=6.9.0"
      }
    },
    "node_modules/@cspotcode/source-map-support": {
      "version": "0.8.1",
      "dev": true,
      "license": "MIT",
      "dependencies": {
        "@jridgewell/trace-mapping": "0.3.9"
      },
      "engines": {
        "node": ">=12"
      }
    },
    "node_modules/@cubist-labs/cubesigner-sdk": {
      "resolved": "../../packages/sdk",
      "link": true
    },
    "node_modules/@cubist-labs/cubesigner-sdk-fs-storage": {
      "resolved": "../../packages/fs-storage",
      "link": true
    },
    "node_modules/@jridgewell/resolve-uri": {
      "version": "3.1.1",
      "dev": true,
      "license": "MIT",
      "engines": {
        "node": ">=6.0.0"
      }
    },
    "node_modules/@jridgewell/sourcemap-codec": {
      "version": "1.4.15",
      "dev": true,
      "license": "MIT"
    },
    "node_modules/@jridgewell/trace-mapping": {
      "version": "0.3.9",
      "dev": true,
      "license": "MIT",
      "dependencies": {
        "@jridgewell/resolve-uri": "^3.0.3",
        "@jridgewell/sourcemap-codec": "^1.4.10"
      }
    },
    "node_modules/@noble/curves": {
      "version": "1.4.0",
      "license": "MIT",
      "dependencies": {
        "@noble/hashes": "1.4.0"
      },
      "funding": {
        "url": "https://paulmillr.com/funding/"
      }
    },
    "node_modules/@noble/hashes": {
      "version": "1.4.0",
      "license": "MIT",
      "engines": {
        "node": ">= 16"
      },
      "funding": {
        "url": "https://paulmillr.com/funding/"
      }
    },
    "node_modules/@solana/buffer-layout": {
      "version": "4.0.1",
      "license": "MIT",
      "dependencies": {
        "buffer": "~6.0.3"
      },
      "engines": {
        "node": ">=5.10"
      }
    },
    "node_modules/@solana/web3.js": {
      "version": "1.92.3",
      "license": "MIT",
      "dependencies": {
        "@babel/runtime": "^7.24.6",
        "@noble/curves": "^1.4.0",
        "@noble/hashes": "^1.4.0",
        "@solana/buffer-layout": "^4.0.1",
        "agentkeepalive": "^4.5.0",
        "bigint-buffer": "^1.1.5",
        "bn.js": "^5.2.1",
        "borsh": "^0.7.0",
        "bs58": "^4.0.1",
        "buffer": "6.0.3",
        "fast-stable-stringify": "^1.0.0",
        "jayson": "^4.1.0",
        "node-fetch": "^2.7.0",
        "rpc-websockets": "^8.0.1",
        "superstruct": "^1.0.4"
      }
    },
    "node_modules/@solana/web3.js/node_modules/base-x": {
      "version": "3.0.9",
      "license": "MIT",
      "dependencies": {
        "safe-buffer": "^5.0.1"
      }
    },
    "node_modules/@solana/web3.js/node_modules/borsh": {
      "version": "0.7.0",
      "license": "Apache-2.0",
      "dependencies": {
        "bn.js": "^5.2.0",
        "bs58": "^4.0.0",
        "text-encoding-utf-8": "^1.0.2"
      }
    },
    "node_modules/@solana/web3.js/node_modules/bs58": {
      "version": "4.0.1",
      "license": "MIT",
      "dependencies": {
        "base-x": "^3.0.2"
      }
    },
    "node_modules/@tsconfig/node10": {
      "version": "1.0.9",
      "dev": true,
      "license": "MIT"
    },
    "node_modules/@tsconfig/node12": {
      "version": "1.0.11",
      "dev": true,
      "license": "MIT"
    },
    "node_modules/@tsconfig/node14": {
      "version": "1.0.3",
      "dev": true,
      "license": "MIT"
    },
    "node_modules/@tsconfig/node16": {
      "version": "1.0.4",
      "dev": true,
      "license": "MIT"
    },
    "node_modules/@types/connect": {
      "version": "3.4.38",
      "license": "MIT",
      "dependencies": {
        "@types/node": "*"
      }
    },
    "node_modules/@types/node": {
      "version": "20.10.8",
      "license": "MIT",
      "dependencies": {
        "undici-types": "~5.26.4"
      }
    },
    "node_modules/@types/ws": {
      "version": "7.4.7",
      "license": "MIT",
      "dependencies": {
        "@types/node": "*"
      }
    },
    "node_modules/acorn": {
      "version": "8.11.3",
      "dev": true,
      "license": "MIT",
      "bin": {
        "acorn": "bin/acorn"
      },
      "engines": {
        "node": ">=0.4.0"
      }
    },
    "node_modules/acorn-walk": {
      "version": "8.3.1",
      "dev": true,
      "license": "MIT",
      "engines": {
        "node": ">=0.4.0"
      }
    },
    "node_modules/agentkeepalive": {
      "version": "4.5.0",
      "license": "MIT",
      "dependencies": {
        "humanize-ms": "^1.2.1"
      },
      "engines": {
        "node": ">= 8.0.0"
      }
    },
    "node_modules/arg": {
      "version": "4.1.3",
      "dev": true,
      "license": "MIT"
    },
    "node_modules/base64-js": {
      "version": "1.5.1",
      "funding": [
        {
          "type": "github",
          "url": "https://github.com/sponsors/feross"
        },
        {
          "type": "patreon",
          "url": "https://www.patreon.com/feross"
        },
        {
          "type": "consulting",
          "url": "https://feross.org/support"
        }
      ],
      "license": "MIT"
    },
    "node_modules/bigint-buffer": {
      "version": "1.1.5",
      "hasInstallScript": true,
      "license": "Apache-2.0",
      "dependencies": {
        "bindings": "^1.3.0"
      },
      "engines": {
        "node": ">= 10.0.0"
      }
    },
    "node_modules/bindings": {
      "version": "1.5.0",
      "license": "MIT",
      "dependencies": {
        "file-uri-to-path": "1.0.0"
      }
    },
    "node_modules/bn.js": {
      "version": "5.2.1",
      "license": "MIT"
    },
    "node_modules/buffer": {
      "version": "6.0.3",
      "funding": [
        {
          "type": "github",
          "url": "https://github.com/sponsors/feross"
        },
        {
          "type": "patreon",
          "url": "https://www.patreon.com/feross"
        },
        {
          "type": "consulting",
          "url": "https://feross.org/support"
        }
      ],
      "license": "MIT",
      "dependencies": {
        "base64-js": "^1.3.1",
        "ieee754": "^1.2.1"
      }
    },
    "node_modules/bufferutil": {
      "version": "4.0.8",
      "hasInstallScript": true,
      "license": "MIT",
      "optional": true,
      "dependencies": {
        "node-gyp-build": "^4.3.0"
      },
      "engines": {
        "node": ">=6.14.2"
      }
    },
    "node_modules/commander": {
      "version": "2.20.3",
      "license": "MIT"
    },
    "node_modules/create-require": {
      "version": "1.1.1",
      "dev": true,
      "license": "MIT"
    },
    "node_modules/delay": {
      "version": "5.0.0",
      "license": "MIT",
      "engines": {
        "node": ">=10"
      },
      "funding": {
        "url": "https://github.com/sponsors/sindresorhus"
      }
    },
    "node_modules/diff": {
      "version": "4.0.2",
      "dev": true,
      "license": "BSD-3-Clause",
      "engines": {
        "node": ">=0.3.1"
      }
    },
    "node_modules/es6-promise": {
      "version": "4.2.8",
      "license": "MIT"
    },
    "node_modules/es6-promisify": {
      "version": "5.0.0",
      "license": "MIT",
      "dependencies": {
        "es6-promise": "^4.0.3"
      }
    },
    "node_modules/eventemitter3": {
      "version": "4.0.7",
      "license": "MIT"
    },
    "node_modules/eyes": {
      "version": "0.1.8",
      "engines": {
        "node": "> 0.1.90"
      }
    },
    "node_modules/fast-stable-stringify": {
      "version": "1.0.0",
      "license": "MIT"
    },
    "node_modules/file-uri-to-path": {
      "version": "1.0.0",
      "license": "MIT"
    },
    "node_modules/humanize-ms": {
      "version": "1.2.1",
      "license": "MIT",
      "dependencies": {
        "ms": "^2.0.0"
      }
    },
    "node_modules/ieee754": {
      "version": "1.2.1",
      "funding": [
        {
          "type": "github",
          "url": "https://github.com/sponsors/feross"
        },
        {
          "type": "patreon",
          "url": "https://www.patreon.com/feross"
        },
        {
          "type": "consulting",
          "url": "https://feross.org/support"
        }
      ],
      "license": "BSD-3-Clause"
    },
    "node_modules/isomorphic-ws": {
      "version": "4.0.1",
      "license": "MIT",
      "peerDependencies": {
        "ws": "*"
      }
    },
    "node_modules/jayson": {
      "version": "4.1.0",
      "license": "MIT",
      "dependencies": {
        "@types/connect": "^3.4.33",
        "@types/node": "^12.12.54",
        "@types/ws": "^7.4.4",
        "commander": "^2.20.3",
        "delay": "^5.0.0",
        "es6-promisify": "^5.0.0",
        "eyes": "^0.1.8",
        "isomorphic-ws": "^4.0.1",
        "json-stringify-safe": "^5.0.1",
        "JSONStream": "^1.3.5",
        "uuid": "^8.3.2",
        "ws": "^7.4.5"
      },
      "bin": {
        "jayson": "bin/jayson.js"
      },
      "engines": {
        "node": ">=8"
      }
    },
    "node_modules/jayson/node_modules/@types/node": {
      "version": "12.20.55",
      "license": "MIT"
    },
    "node_modules/json-stringify-safe": {
      "version": "5.0.1",
      "license": "ISC"
    },
    "node_modules/jsonparse": {
      "version": "1.3.1",
      "engines": [
        "node >= 0.2.0"
      ],
      "license": "MIT"
    },
    "node_modules/JSONStream": {
      "version": "1.3.5",
      "license": "(MIT OR Apache-2.0)",
      "dependencies": {
        "jsonparse": "^1.2.0",
        "through": ">=2.2.7 <3"
      },
      "bin": {
        "JSONStream": "bin.js"
      },
      "engines": {
        "node": "*"
      }
    },
    "node_modules/make-error": {
      "version": "1.3.6",
      "dev": true,
      "license": "ISC"
    },
    "node_modules/ms": {
      "version": "2.1.3",
      "license": "MIT"
    },
    "node_modules/node-fetch": {
      "version": "2.7.0",
      "license": "MIT",
      "dependencies": {
        "whatwg-url": "^5.0.0"
      },
      "engines": {
        "node": "4.x || >=6.0.0"
      },
      "peerDependencies": {
        "encoding": "^0.1.0"
      },
      "peerDependenciesMeta": {
        "encoding": {
          "optional": true
        }
      }
    },
    "node_modules/node-gyp-build": {
      "version": "4.8.0",
      "license": "MIT",
      "optional": true,
      "bin": {
        "node-gyp-build": "bin.js",
        "node-gyp-build-optional": "optional.js",
        "node-gyp-build-test": "build-test.js"
      }
    },
    "node_modules/regenerator-runtime": {
      "version": "0.14.1",
      "license": "MIT"
    },
    "node_modules/rpc-websockets": {
      "version": "8.0.1",
      "license": "LGPL-3.0-only",
      "dependencies": {
        "eventemitter3": "^4.0.7",
        "uuid": "^8.3.2",
        "ws": "^8.5.0"
      },
      "funding": {
        "type": "paypal",
        "url": "https://paypal.me/kozjak"
      },
      "optionalDependencies": {
        "bufferutil": "^4.0.1",
        "utf-8-validate": "^5.0.2"
      }
    },
    "node_modules/rpc-websockets/node_modules/ws": {
      "version": "8.18.0",
      "license": "MIT",
      "engines": {
        "node": ">=10.0.0"
      },
      "peerDependencies": {
        "bufferutil": "^4.0.1",
        "utf-8-validate": ">=5.0.2"
      },
      "peerDependenciesMeta": {
        "bufferutil": {
          "optional": true
        },
        "utf-8-validate": {
          "optional": true
        }
      }
    },
    "node_modules/safe-buffer": {
      "version": "5.2.1",
      "funding": [
        {
          "type": "github",
          "url": "https://github.com/sponsors/feross"
        },
        {
          "type": "patreon",
          "url": "https://www.patreon.com/feross"
        },
        {
          "type": "consulting",
          "url": "https://feross.org/support"
        }
      ],
      "license": "MIT"
    },
    "node_modules/superstruct": {
      "version": "1.0.4",
      "license": "MIT",
      "engines": {
        "node": ">=14.0.0"
      }
    },
    "node_modules/text-encoding-utf-8": {
      "version": "1.0.2"
    },
    "node_modules/through": {
      "version": "2.3.8",
      "license": "MIT"
    },
    "node_modules/tr46": {
      "version": "0.0.3",
      "license": "MIT"
    },
    "node_modules/ts-node": {
      "version": "10.9.2",
      "dev": true,
      "license": "MIT",
      "dependencies": {
        "@cspotcode/source-map-support": "^0.8.0",
        "@tsconfig/node10": "^1.0.7",
        "@tsconfig/node12": "^1.0.7",
        "@tsconfig/node14": "^1.0.0",
        "@tsconfig/node16": "^1.0.2",
        "acorn": "^8.4.1",
        "acorn-walk": "^8.1.1",
        "arg": "^4.1.0",
        "create-require": "^1.1.0",
        "diff": "^4.0.1",
        "make-error": "^1.1.1",
        "v8-compile-cache-lib": "^3.0.1",
        "yn": "3.1.1"
      },
      "bin": {
        "ts-node": "dist/bin.js",
        "ts-node-cwd": "dist/bin-cwd.js",
        "ts-node-esm": "dist/bin-esm.js",
        "ts-node-script": "dist/bin-script.js",
        "ts-node-transpile-only": "dist/bin-transpile.js",
        "ts-script": "dist/bin-script-deprecated.js"
      },
      "peerDependencies": {
        "@swc/core": ">=1.2.50",
        "@swc/wasm": ">=1.2.50",
        "@types/node": "*",
        "typescript": ">=2.7"
      },
      "peerDependenciesMeta": {
        "@swc/core": {
          "optional": true
        },
        "@swc/wasm": {
          "optional": true
        }
      }
    },
    "node_modules/typescript": {
      "version": "4.9.5",
      "dev": true,
      "license": "Apache-2.0",
      "bin": {
        "tsc": "bin/tsc",
        "tsserver": "bin/tsserver"
      },
      "engines": {
        "node": ">=4.2.0"
      }
    },
    "node_modules/undici-types": {
      "version": "5.26.5",
      "license": "MIT"
    },
    "node_modules/utf-8-validate": {
      "version": "5.0.10",
      "hasInstallScript": true,
      "license": "MIT",
      "optional": true,
      "dependencies": {
        "node-gyp-build": "^4.3.0"
      },
      "engines": {
        "node": ">=6.14.2"
      }
    },
    "node_modules/uuid": {
      "version": "8.3.2",
      "license": "MIT",
      "bin": {
        "uuid": "dist/bin/uuid"
      }
    },
    "node_modules/v8-compile-cache-lib": {
      "version": "3.0.1",
      "dev": true,
      "license": "MIT"
    },
    "node_modules/webidl-conversions": {
      "version": "3.0.1",
      "license": "BSD-2-Clause"
    },
    "node_modules/whatwg-url": {
      "version": "5.0.0",
      "license": "MIT",
      "dependencies": {
        "tr46": "~0.0.3",
        "webidl-conversions": "^3.0.0"
      }
    },
    "node_modules/ws": {
      "version": "7.5.10",
      "license": "MIT",
      "engines": {
        "node": ">=8.3.0"
      },
      "peerDependencies": {
        "bufferutil": "^4.0.1",
        "utf-8-validate": "^5.0.2"
      },
      "peerDependenciesMeta": {
        "bufferutil": {
          "optional": true
        },
        "utf-8-validate": {
          "optional": true
        }
      }
    },
    "node_modules/yn": {
      "version": "3.1.1",
      "dev": true,
      "license": "MIT",
      "engines": {
        "node": ">=6"
      }
    }
  }
}
