{
  "name": "esm",
  "version": "1.0.0",
  "lockfileVersion": 3,
  "requires": true,
  "packages": {
    "": {
      "name": "esm",
      "version": "1.0.0",
      "license": "MIT OR Apache-2.0",
      "dependencies": {
        "@cubist-labs/cubesigner-sdk": "../../packages/sdk"
      }
    },
    "../../packages/sdk": {
      "name": "@cubist-labs/cubesigner-sdk",
      "version": "0.4.0",
      "license": "MIT OR Apache-2.0",
      "dependencies": {
        "openapi-fetch": "0.8.2",
        "zod": "^4.3.6"
      },
      "devDependencies": {
        "openapi-typescript-helpers": "^0.0.7",
        "typescript": "^5.5"
      },
      "engines": {
        "node": ">=18.0.0"
      },
      "optionalDependencies": {
        "@hpke/core": "^1.2.7"
      }
    },
    "node_modules/@cubist-labs/cubesigner-sdk": {
      "resolved": "../../packages/sdk",
      "link": true
    }
  }
}
